Microsoft Visual Studio Solution File, Format Version 12.00
# Visual Studio Version 17
VisualStudioVersion = 17.5.2.0
MinimumVisualStudioVersion = 10.0.40219.1
Project("{2150E333-8FDC-42A3-9474-1A3956D46DE8}") = "server", "server", "{DAD03CFC-D5FA-AC94-41C7-9ABAB326F09E}"
EndProject
Project("{FAE04EC0-301F-11D3-BF4B-00C04F79EFBC}") = "ProductCatalog.Api", "server\ProductCatalog.Api\ProductCatalog.Api.csproj", "{C347BAA7-F94E-52B4-F207-F7F0F18A0BC4}"
EndProject
Global
	GlobalSection(SolutionConfigurationPlatforms) = preSolution
		Debug|Any CPU = Debug|Any CPU
		Release|Any CPU = Release|Any CPU
	EndGlobalSection
	GlobalSection(ProjectConfigurationPlatforms) = postSolution
		{C347BAA7-F94E-52B4-F207-F7F0F18A0BC4}.Debug|Any CPU.ActiveCfg = Debug|Any CPU
		{C347BAA7-F94E-52B4-F207-F7F0F18A0BC4}.Debug|Any CPU.Build.0 = Debug|Any CPU
		{C347BAA7-F94E-52B4-F207-F7F0F18A0BC4}.Release|Any CPU.ActiveCfg = Release|Any CPU
		{C347BAA7-F94E-52B4-F207-F7F0F18A0BC4}.Release|Any CPU.Build.0 = Release|Any CPU
	EndGlobalSection
	GlobalSection(SolutionProperties) = preSolution
		HideSolutionNode = FALSE
	EndGlobalSection
	GlobalSection(NestedProjects) = preSolution
		{C347BAA7-F94E-52B4-F207-F7F0F18A0BC4} = {DAD03CFC-D5FA-AC94-41C7-9ABAB326F09E}
	EndGlobalSection
	GlobalSection(ExtensibilityGlobals) = postSolution
		SolutionGuid = {BDA9E5FC-0F97-4902-9F95-4F6201F58E97}
	EndGlobalSection
EndGlobal
